hash: 50c8a3f32c8f8aca4e8a3ef218a2081944d03980ecaed97274d1d5beb4bfc95b
updated: 2017-10-16T19:09:19.673637+08:00
imports:
- name: github.com/andybalholm/cascadia
  version: 349dd0209470eabd9514242c688c403c0926d266
- name: github.com/golang/snappy
  version: 553a641470496b2327abcac10b36396bd98e45c9
- name: github.com/inconshreveable/mousetrap
  version: 76626ae9c91c4f2a10f34cad8ce83ea42c93bb75
- name: github.com/PuerkitoBio/goquery
  version: 1a71cc719d0d5b9e4f14ae072bef08b576b0bab5
- name: github.com/spf13/cobra
  version: 7b2c5ac9fc04fc5efafb60700713d4fa609b777b
- name: github.com/spf13/pflag
  version: a9789e855c7696159b7db0db7f440b449edf2b31
- name: github.com/syndtr/goleveldb
  version: b89cc31ef7977104127d34c1bd31ebd1a9db2199
  subpackages:
  - leveldb
  - leveldb/cache
  - leveldb/comparer
  - leveldb/errors
  - leveldb/filter
  - leveldb/iterator
  - leveldb/journal
  - leveldb/memdb
  - leveldb/opt
  - leveldb/storage
  - leveldb/table
  - leveldb/util
- name: golang.org/x/net
  version: a04bdaca5b32abe1c069418fb7088ae607de5bd0
  repo: https://github.com/golang/net.git
  subpackages:
  - html
  - html/atom
testImports: []
